// !$*UTF8*$!
{
	archiveVersion = 1;
	classes = {
	};
	objectVersion = 46;
	objects = {

/* Begin PBXBuildFile section */
		2C0EBD181DDC43360068381D /* activity_button.png in Resources */ = {isa = PBXBuildFile; fileRef = 2C0EBD081DDC43360068381D /* activity_button.png */; };
		2C0EBD191DDC43360068381D /* ic_launcher.png in Resources */ = {isa = PBXBuildFile; fileRef = 2C0EBD091DDC43360068381D /* ic_launcher.png */; };
		2C0EBD1A1DDC43360068381D /* ic_launcher2.png in Resources */ = {isa = PBXBuildFile; fileRef = 2C0EBD0A1DDC43360068381D /* ic_launcher2.png */; };
		2C0EBD1B1DDC43360068381D /* ic_menu_moon.png in Resources */ = {isa = PBXBuildFile; fileRef = 2C0EBD0B1DDC43360068381D /* ic_menu_moon.png */; };
		2C0EBD1C1DDC43360068381D /* ic_menu_refresh.png in Resources */ = {isa = PBXBuildFile; fileRef = 2C0EBD0C1DDC43360068381D /* ic_menu_refresh.png */; };
		2C0EBD1D1DDC43360068381D /* ic_menu_sun.png in Resources */ = {isa = PBXBuildFile; fileRef = 2C0EBD0D1DDC43360068381D /* ic_menu_sun.png */; };
		2C0EBD1E1DDC43360068381D /* ic_refresh.png in Resources */ = {isa = PBXBuildFile; fileRef = 2C0EBD0E1DDC43360068381D /* ic_refresh.png */; };
		2C0EBD1F1DDC43360068381D /* ic_tab_conditions_grey.png in Resources */ = {isa = PBXBuildFile; fileRef = 2C0EBD0F1DDC43360068381D /* ic_tab_conditions_grey.png */; };
		2C0EBD201DDC43360068381D /* ic_tab_conditions_white.png in Resources */ = {isa = PBXBuildFile; fileRef = 2C0EBD101DDC43360068381D /* ic_tab_conditions_white.png */; };
		2C0EBD211DDC43360068381D /* ic_tab_forecast_grey.png in Resources */ = {isa = PBXBuildFile; fileRef = 2C0EBD111DDC43360068381D /* ic_tab_forecast_grey.png */; };
		2C0EBD221DDC43360068381D /* ic_tab_forecast_white.png in Resources */ = {isa = PBXBuildFile; fileRef = 2C0EBD121DDC43360068381D /* ic_tab_forecast_white.png */; };
		2C0EBD231DDC43360068381D /* ic_tab_info_grey.png in Resources */ = {isa = PBXBuildFile; fileRef = 2C0EBD131DDC43360068381D /* ic_tab_info_grey.png */; };
		2C0EBD241DDC43360068381D /* ic_tab_info_white.png in Resources */ = {isa = PBXBuildFile; fileRef = 2C0EBD141DDC43360068381D /* ic_tab_info_white.png */; };
		2C0EBD251DDC43360068381D /* ic_tab_settings_grey.png in Resources */ = {isa = PBXBuildFile; fileRef = 2C0EBD151DDC43360068381D /* ic_tab_settings_grey.png */; };
		2C0EBD261DDC43360068381D /* ic_tab_settings_white.png in Resources */ = {isa = PBXBuildFile; fileRef = 2C0EBD161DDC43360068381D /* ic_tab_settings_white.png */; };
		2C0EBD271DDC43360068381D /* ic_volume.png in Resources */ = {isa = PBXBuildFile; fileRef = 2C0EBD171DDC43360068381D /* ic_volume.png */; };
		2C0EBD291DDEDE8A0068381D /* InfoViewController.swift in Sources */ = {isa = PBXBuildFile; fileRef = 2C0EBD281DDEDE8A0068381D /* InfoViewController.swift */; };
		2C0EBD2B1DE0FA610068381D /* UlineBorderLabel.swift in Sources */ = {isa = PBXBuildFile; fileRef = 2C0EBD2A1DE0FA610068381D /* UlineBorderLabel.swift */; };
		2C0EBD381DE1241A0068381D /* ic_launcher58.png in Resources */ = {isa = PBXBuildFile; fileRef = 2C0EBD341DE124190068381D /* ic_launcher58.png */; };
		2C0EBD391DE1241A0068381D /* ic_launcher87.png in Resources */ = {isa = PBXBuildFile; fileRef = 2C0EBD351DE1241A0068381D /* ic_launcher87.png */; };
		2C0EBD3A1DE1241A0068381D /* ic_launcher120.png in Resources */ = {isa = PBXBuildFile; fileRef = 2C0EBD361DE1241A0068381D /* ic_launcher120.png */; };
		2C0EBD3B1DE1241A0068381D /* ic_launcher180.png in Resources */ = {isa = PBXBuildFile; fileRef = 2C0EBD371DE1241A0068381D /* ic_launcher180.png */; };
		2C0EBD3D1DE1288B0068381D /* SettingsViewController.swift in Sources */ = {isa = PBXBuildFile; fileRef = 2C0EBD3C1DE1288B0068381D /* SettingsViewController.swift */; };
		2C0EBD3F1DE1289F0068381D /* ForecastViewController.swift in Sources */ = {isa = PBXBuildFile; fileRef = 2C0EBD3E1DE1289F0068381D /* ForecastViewController.swift */; };
		2C0EBD411DE128AB0068381D /* ConditionsViewController.swift in Sources */ = {isa = PBXBuildFile; fileRef = 2C0EBD401DE128AB0068381D /* ConditionsViewController.swift */; };
		2C0EBD431DE12E400068381D /* RoundGradientView.swift in Sources */ = {isa = PBXBuildFile; fileRef = 2C0EBD421DE12E400068381D /* RoundGradientView.swift */; };
		2C0EBD661DE1C30E0068381D /* alert_filler.png in Resources */ = {isa = PBXBuildFile; fileRef = 2C0EBD441DE1C30D0068381D /* alert_filler.png */; };
		2C0EBD671DE1C30E0068381D /* compass.png in Resources */ = {isa = PBXBuildFile; fileRef = 2C0EBD451DE1C30D0068381D /* compass.png */; };
		2C0EBD681DE1C30E0068381D /* dial.png in Resources */ = {isa = PBXBuildFile; fileRef = 2C0EBD461DE1C30D0068381D /* dial.png */; };
		2C0EBD691DE1C30E0068381D /* filler.png in Resources */ = {isa = PBXBuildFile; fileRef = 2C0EBD471DE1C30D0068381D /* filler.png */; };
		2C0EBD6A1DE1C30E0068381D /* phase0.png in Resources */ = {isa = PBXBuildFile; fileRef = 2C0EBD481DE1C30D0068381D /* phase0.png */; };
		2C0EBD6B1DE1C30E0068381D /* phase1.png in Resources */ = {isa = PBXBuildFile; fileRef = 2C0EBD491DE1C30D0068381D /* phase1.png */; };
		2C0EBD6C1DE1C30E0068381D /* phase2.png in Resources */ = {isa = PBXBuildFile; fileRef = 2C0EBD4A1DE1C30D0068381D /* phase2.png */; };
		2C0EBD6D1DE1C30E0068381D /* phase3.png in Resources */ = {isa = PBXBuildFile; fileRef = 2C0EBD4B1DE1C30D0068381D /* phase3.png */; };
		2C0EBD6E1DE1C30E0068381D /* phase4.png in Resources */ = {isa = PBXBuildFile; fileRef = 2C0EBD4C1DE1C30D0068381D /* phase4.png */; };
		2C0EBD6F1DE1C30E0068381D /* phase5.png in Resources */ = {isa = PBXBuildFile; fileRef = 2C0EBD4D1DE1C30D0068381D /* phase5.png */; };
		2C0EBD701DE1C30E0068381D /* phase6.png in Resources */ = {isa = PBXBuildFile; fileRef = 2C0EBD4E1DE1C30D0068381D /* phase6.png */; };
		2C0EBD711DE1C30E0068381D /* phase7.png in Resources */ = {isa = PBXBuildFile; fileRef = 2C0EBD4F1DE1C30D0068381D /* phase7.png */; };
		2C0EBD721DE1C30E0068381D /* phase8.png in Resources */ = {isa = PBXBuildFile; fileRef = 2C0EBD501DE1C30D0068381D /* phase8.png */; };
		2C0EBD731DE1C30E0068381D /* phase9.png in Resources */ = {isa = PBXBuildFile; fileRef = 2C0EBD511DE1C30D0068381D /* phase9.png */; };
		2C0EBD741DE1C30E0068381D /* phase10.png in Resources */ = {isa = PBXBuildFile; fileRef = 2C0EBD521DE1C30D0068381D /* phase10.png */; };
		2C0EBD751DE1C30E0068381D /* phase11.png in Resources */ = {isa = PBXBuildFile; fileRef = 2C0EBD531DE1C30D0068381D /* phase11.png */; };
		2C0EBD761DE1C30E0068381D /* phase12.png in Resources */ = {isa = PBXBuildFile; fileRef = 2C0EBD541DE1C30D0068381D /* phase12.png */; };
		2C0EBD771DE1C30E0068381D /* phase13.png in Resources */ = {isa = PBXBuildFile; fileRef = 2C0EBD551DE1C30D0068381D /* phase13.png */; };
		2C0EBD781DE1C30E0068381D /* phase14.png in Resources */ = {isa = PBXBuildFile; fileRef = 2C0EBD561DE1C30D0068381D /* phase14.png */; };
		2C0EBD791DE1C30E0068381D /* phase15.png in Resources */ = {isa = PBXBuildFile; fileRef = 2C0EBD571DE1C30D0068381D /* phase15.png */; };
		2C0EBD7A1DE1C30E0068381D /* phase16.png in Resources */ = {isa = PBXBuildFile; fileRef = 2C0EBD581DE1C30D0068381D /* phase16.png */; };
		2C0EBD7B1DE1C30E0068381D /* phase17.png in Resources */ = {isa = PBXBuildFile; fileRef = 2C0EBD591DE1C30D0068381D /* phase17.png */; };
		2C0EBD7C1DE1C30E0068381D /* phase18.png in Resources */ = {isa = PBXBuildFile; fileRef = 2C0EBD5A1DE1C30D0068381D /* phase18.png */; };
		2C0EBD7D1DE1C30E0068381D /* phase19.png in Resources */ = {isa = PBXBuildFile; fileRef = 2C0EBD5B1DE1C30D0068381D /* phase19.png */; };
		2C0EBD7E1DE1C30E0068381D /* phase20.png in Resources */ = {isa = PBXBuildFile; fileRef = 2C0EBD5C1DE1C30D0068381D /* phase20.png */; };
		2C0EBD7F1DE1C30E0068381D /* phase21.png in Resources */ = {isa = PBXBuildFile; fileRef = 2C0EBD5D1DE1C30D0068381D /* phase21.png */; };
		2C0EBD801DE1C30E0068381D /* phase22.png in Resources */ = {isa = PBXBuildFile; fileRef = 2C0EBD5E1DE1C30D0068381D /* phase22.png */; };
		2C0EBD811DE1C30E0068381D /* phase23.png in Resources */ = {isa = PBXBuildFile; fileRef = 2C0EBD5F1DE1C30D0068381D /* phase23.png */; };
		2C0EBD821DE1C30E0068381D /* phase24.png in Resources */ = {isa = PBXBuildFile; fileRef = 2C0EBD601DE1C30D0068381D /* phase24.png */; };
		2C0EBD831DE1C30E0068381D /* phase25.png in Resources */ = {isa = PBXBuildFile; fileRef = 2C0EBD611DE1C30D0068381D /* phase25.png */; };
		2C0EBD841DE1C30E0068381D /* phase26.png in Resources */ = {isa = PBXBuildFile; fileRef = 2C0EBD621DE1C30D0068381D /* phase26.png */; };
		2C0EBD851DE1C30E0068381D /* phase27.png in Resources */ = {isa = PBXBuildFile; fileRef = 2C0EBD631DE1C30D0068381D /* phase27.png */; };
		2C0EBD861DE1C30E0068381D /* phase28.png in Resources */ = {isa = PBXBuildFile; fileRef = 2C0EBD641DE1C30D0068381D /* phase28.png */; };
		2C0EBD871DE1C30E0068381D /* phase29.png in Resources */ = {isa = PBXBuildFile; fileRef = 2C0EBD651DE1C30D0068381D /* phase29.png */; };
		2CD116861DD0487C0067F667 /* AppDelegate.swift in Sources */ = {isa = PBXBuildFile; fileRef = 2CD116851DD0487C0067F667 /* AppDelegate.swift */; };
		2CD1168D1DD0487C0067F667 /* Main.storyboard in Resources */ = {isa = PBXBuildFile; fileRef = 2CD1168B1DD0487C0067F667 /* Main.storyboard */; };
		2CD1168F1DD0487C0067F667 /* Assets.xcassets in Resources */ = {isa = PBXBuildFile; fileRef = 2CD1168E1DD0487C0067F667 /* Assets.xcassets */; };
		2CD116921DD0487C0067F667 /* LaunchScreen.storyboard in Resources */ = {isa = PBXBuildFile; fileRef = 2CD116901DD0487C0067F667 /* LaunchScreen.storyboard */; };
/* End PBXBuildFile section */

/* Begin PBXFileReference section */
		2C0EBD081DDC43360068381D /* activity_button.png */ = {isa = PBXFileReference; lastKnownFileType = image.png; name = activity_button.png; path = "../../Desktop/Aurora Alert screenshots/auroraalert-1/res/drawable-mdpi-v5/activity_button.png"; sourceTree = "<group>"; };
		2C0EBD091DDC43360068381D /* ic_launcher.png */ = {isa = PBXFileReference; lastKnownFileType = image.png; name = ic_launcher.png; path = "../../Desktop/Aurora Alert screenshots/auroraalert-1/res/drawable-mdpi-v5/ic_launcher.png"; sourceTree = "<group>"; };
		2C0EBD0A1DDC43360068381D /* ic_launcher2.png */ = {isa = PBXFileReference; lastKnownFileType = image.png; name = ic_launcher2.png; path = "../../Desktop/Aurora Alert screenshots/auroraalert-1/res/drawable-mdpi-v5/ic_launcher2.png"; sourceTree = "<group>"; };
		2C0EBD0B1DDC43360068381D /* ic_menu_moon.png */ = {isa = PBXFileReference; lastKnownFileType = image.png; name = ic_menu_moon.png; path = "../../Desktop/Aurora Alert screenshots/auroraalert-1/res/drawable-mdpi-v5/ic_menu_moon.png"; sourceTree = "<group>"; };
		2C0EBD0C1DDC43360068381D /* ic_menu_refresh.png */ = {isa = PBXFileReference; lastKnownFileType = image.png; name = ic_menu_refresh.png; path = "../../Desktop/Aurora Alert screenshots/auroraalert-1/res/drawable-mdpi-v5/ic_menu_refresh.png"; sourceTree = "<group>"; };
		2C0EBD0D1DDC43360068381D /* ic_menu_sun.png */ = {isa = PBXFileReference; lastKnownFileType = image.png; name = ic_menu_sun.png; path = "../../Desktop/Aurora Alert screenshots/auroraalert-1/res/drawable-mdpi-v5/ic_menu_sun.png"; sourceTree = "<group>"; };
		2C0EBD0E1DDC43360068381D /* ic_refresh.png */ = {isa = PBXFileReference; lastKnownFileType = image.png; name = ic_refresh.png; path = "../../Desktop/Aurora Alert screenshots/auroraalert-1/res/drawable-mdpi-v5/ic_refresh.png"; sourceTree = "<group>"; };
		2C0EBD0F1DDC43360068381D /* ic_tab_conditions_grey.png */ = {isa = PBXFileReference; lastKnownFileType = image.png; name = ic_tab_conditions_grey.png; path = "../../Desktop/Aurora Alert screenshots/auroraalert-1/res/drawable-mdpi-v5/ic_tab_conditions_grey.png"; sourceTree = "<group>"; };
		2C0EBD101DDC43360068381D /* ic_tab_conditions_white.png */ = {isa = PBXFileReference; lastKnownFileType = image.png; name = ic_tab_conditions_white.png; path = "../../Desktop/Aurora Alert screenshots/auroraalert-1/res/drawable-mdpi-v5/ic_tab_conditions_white.png"; sourceTree = "<group>"; };
		2C0EBD111DDC43360068381D /* ic_tab_forecast_grey.png */ = {isa = PBXFileReference; lastKnownFileType = image.png; name = ic_tab_forecast_grey.png; path = "../../Desktop/Aurora Alert screenshots/auroraalert-1/res/drawable-mdpi-v5/ic_tab_forecast_grey.png"; sourceTree = "<group>"; };
		2C0EBD121DDC43360068381D /* ic_tab_forecast_white.png */ = {isa = PBXFileReference; lastKnownFileType = image.png; name = ic_tab_forecast_white.png; path = "../../Desktop/Aurora Alert screenshots/auroraalert-1/res/drawable-mdpi-v5/ic_tab_forecast_white.png"; sourceTree = "<group>"; };
		2C0EBD131DDC43360068381D /* ic_tab_info_grey.png */ = {isa = PBXFileReference; lastKnownFileType = image.png; name = ic_tab_info_grey.png; path = "../../Desktop/Aurora Alert screenshots/auroraalert-1/res/drawable-mdpi-v5/ic_tab_info_grey.png"; sourceTree = "<group>"; };
		2C0EBD141DDC43360068381D /* ic_tab_info_white.png */ = {isa = PBXFileReference; lastKnownFileType = image.png; name = ic_tab_info_white.png; path = "../../Desktop/Aurora Alert screenshots/auroraalert-1/res/drawable-mdpi-v5/ic_tab_info_white.png"; sourceTree = "<group>"; };
		2C0EBD151DDC43360068381D /* ic_tab_settings_grey.png */ = {isa = PBXFileReference; lastKnownFileType = image.png; name = ic_tab_settings_grey.png; path = "../../Desktop/Aurora Alert screenshots/auroraalert-1/res/drawable-mdpi-v5/ic_tab_settings_grey.png"; sourceTree = "<group>"; };
		2C0EBD161DDC43360068381D /* ic_tab_settings_white.png */ = {isa = PBXFileReference; lastKnownFileType = image.png; name = ic_tab_settings_white.png; path = "../../Desktop/Aurora Alert screenshots/auroraalert-1/res/drawable-mdpi-v5/ic_tab_settings_white.png"; sourceTree = "<group>"; };
		2C0EBD171DDC43360068381D /* ic_volume.png */ = {isa = PBXFileReference; lastKnownFileType = image.png; name = ic_volume.png; path = "../../Desktop/Aurora Alert screenshots/auroraalert-1/res/drawable-mdpi-v5/ic_volume.png"; sourceTree = "<group>"; };
		2C0EBD281DDEDE8A0068381D /* InfoViewController.swift */ = {isa = PBXFileReference; fileEncoding = 4; lastKnownFileType = sourcecode.swift; path = InfoViewController.swift; sourceTree = "<group>"; };
		2C0EBD2A1DE0FA610068381D /* UlineBorderLabel.swift */ = {isa = PBXFileReference; fileEncoding = 4; lastKnownFileType = sourcecode.swift; path = UlineBorderLabel.swift; sourceTree = "<group>"; };
		2C0EBD341DE124190068381D /* ic_launcher58.png */ = {isa = PBXFileReference; lastKnownFileType = image.png; name = ic_launcher58.png; path = "../../Desktop/Aurora Alert screenshots/re-auroraalert/ic_launcher58.png"; sourceTree = "<group>"; };
		2C0EBD351DE1241A0068381D /* ic_launcher87.png */ = {isa = PBXFileReference; lastKnownFileType = image.png; name = ic_launcher87.png; path = "../../Desktop/Aurora Alert screenshots/re-auroraalert/ic_launcher87.png"; sourceTree = "<group>"; };
		2C0EBD361DE1241A0068381D /* ic_launcher120.png */ = {isa = PBXFileReference; lastKnownFileType = image.png; name = ic_launcher120.png; path = "../../Desktop/Aurora Alert screenshots/re-auroraalert/ic_launcher120.png"; sourceTree = "<group>"; };
		2C0EBD371DE1241A0068381D /* ic_launcher180.png */ = {isa = PBXFileReference; lastKnownFileType = image.png; name = ic_launcher180.png; path = "../../Desktop/Aurora Alert screenshots/re-auroraalert/ic_launcher180.png"; sourceTree = "<group>"; };
		2C0EBD3C1DE1288B0068381D /* SettingsViewController.swift */ = {isa = PBXFileReference; fileEncoding = 4; lastKnownFileType = sourcecode.swift; path = SettingsViewController.swift; sourceTree = "<group>"; };
		2C0EBD3E1DE1289F0068381D /* ForecastViewController.swift */ = {isa = PBXFileReference; fileEncoding = 4; lastKnownFileType = sourcecode.swift; path = ForecastViewController.swift; sourceTree = "<group>"; };
		2C0EBD401DE128AB0068381D /* ConditionsViewController.swift */ = {isa = PBXFileReference; fileEncoding = 4; lastKnownFileType = sourcecode.swift; path = ConditionsViewController.swift; sourceTree = "<group>"; };
		2C0EBD421DE12E400068381D /* RoundGradientView.swift */ = {isa = PBXFileReference; fileEncoding = 4; lastKnownFileType = sourcecode.swift; path = RoundGradientView.swift; sourceTree = "<group>"; };
		2C0EBD441DE1C30D0068381D /* alert_filler.png */ = {isa = PBXFileReference; lastKnownFileType = image.png; name = alert_filler.png; path = "../../Desktop/Aurora Alert screenshots/auroraalert-1/res/drawable/alert_filler.png"; sourceTree = "<group>"; };
		2C0EBD451DE1C30D0068381D /* compass.png */ = {isa = PBXFileReference; lastKnownFileType = image.png; name = compass.png; path = "../../Desktop/Aurora Alert screenshots/auroraalert-1/res/drawable/compass.png"; sourceTree = "<group>"; };
		2C0EBD461DE1C30D0068381D /* dial.png */ = {isa = PBXFileReference; lastKnownFileType = image.png; name = dial.png; path = "../../Desktop/Aurora Alert screenshots/auroraalert-1/res/drawable/dial.png"; sourceTree = "<group>"; };
		2C0EBD471DE1C30D0068381D /* filler.png */ = {isa = PBXFileReference; lastKnownFileType = image.png; name = filler.png; path = "../../Desktop/Aurora Alert screenshots/auroraalert-1/res/drawable/filler.png"; sourceTree = "<group>"; };
		2C0EBD481DE1C30D0068381D /* phase0.png */ = {isa = PBXFileReference; lastKnownFileType = image.png; name = phase0.png; path = "../../Desktop/Aurora Alert screenshots/auroraalert-1/res/drawable/phase0.png"; sourceTree = "<group>"; };
		2C0EBD491DE1C30D0068381D /* phase1.png */ = {isa = PBXFileReference; lastKnownFileType = image.png; name = phase1.png; path = "../../Desktop/Aurora Alert screenshots/auroraalert-1/res/drawable/phase1.png"; sourceTree = "<group>"; };
		2C0EBD4A1DE1C30D0068381D /* phase2.png */ = {isa = PBXFileReference; lastKnownFileType = image.png; name = phase2.png; path = "../../Desktop/Aurora Alert screenshots/auroraalert-1/res/drawable/phase2.png"; sourceTree = "<group>"; };
		2C0EBD4B1DE1C30D0068381D /* phase3.png */ = {isa = PBXFileReference; lastKnownFileType = image.png; name = phase3.png; path = "../../Desktop/Aurora Alert screenshots/auroraalert-1/res/drawable/phase3.png"; sourceTree = "<group>"; };
		2C0EBD4C1DE1C30D0068381D /* phase4.png */ = {isa = PBXFileReference; lastKnownFileType = image.png; name = phase4.png; path = "../../Desktop/Aurora Alert screenshots/auroraalert-1/res/drawable/phase4.png"; sourceTree = "<group>"; };
		2C0EBD4D1DE1C30D0068381D /* phase5.png */ = {isa = PBXFileReference; lastKnownFileType = image.png; name = phase5.png; path = "../../Desktop/Aurora Alert screenshots/auroraalert-1/res/drawable/phase5.png"; sourceTree = "<group>"; };
		2C0EBD4E1DE1C30D0068381D /* phase6.png */ = {isa = PBXFileReference; lastKnownFileType = image.png; name = phase6.png; path = "../../Desktop/Aurora Alert screenshots/auroraalert-1/res/drawable/phase6.png"; sourceTree = "<group>"; };
		2C0EBD4F1DE1C30D0068381D /* phase7.png */ = {isa = PBXFileReference; lastKnownFileType = image.png; name = phase7.png; path = "../../Desktop/Aurora Alert screenshots/auroraalert-1/res/drawable/phase7.png"; sourceTree = "<group>"; };
		2C0EBD501DE1C30D0068381D /* phase8.png */ = {isa = PBXFileReference; lastKnownFileType = image.png; name = phase8.png; path = "../../Desktop/Aurora Alert screenshots/auroraalert-1/res/drawable/phase8.png"; sourceTree = "<group>"; };
		2C0EBD511DE1C30D0068381D /* phase9.png */ = {isa = PBXFileReference; lastKnownFileType = image.png; name = phase9.png; path = "../../Desktop/Aurora Alert screenshots/auroraalert-1/res/drawable/phase9.png"; sourceTree = "<group>"; };
		2C0EBD521DE1C30D0068381D /* phase10.png */ = {isa = PBXFileReference; lastKnownFileType = image.png; name = phase10.png; path = "../../Desktop/Aurora Alert screenshots/auroraalert-1/res/drawable/phase10.png"; sourceTree = "<group>"; };
		2C0EBD531DE1C30D0068381D /* phase11.png */ = {isa = PBXFileReference; lastKnownFileType = image.png; name = phase11.png; path = "../../Desktop/Aurora Alert screenshots/auroraalert-1/res/drawable/phase11.png"; sourceTree = "<group>"; };
		2C0EBD541DE1C30D0068381D /* phase12.png */ = {isa = PBXFileReference; lastKnownFileType = image.png; name = phase12.png; path = "../../Desktop/Aurora Alert screenshots/auroraalert-1/res/drawable/phase12.png"; sourceTree = "<group>"; };
		2C0EBD551DE1C30D0068381D /* phase13.png */ = {isa = PBXFileReference; lastKnownFileType = image.png; name = phase13.png; path = "../../Desktop/Aurora Alert screenshots/auroraalert-1/res/drawable/phase13.png"; sourceTree = "<group>"; };
		2C0EBD561DE1C30D0068381D /* phase14.png */ = {isa = PBXFileReference; lastKnownFileType = image.png; name = phase14.png; path = "../../Desktop/Aurora Alert screenshots/auroraalert-1/res/drawable/phase14.png"; sourceTree = "<group>"; };
		2C0EBD571DE1C30D0068381D /* phase15.png */ = {isa = PBXFileReference; lastKnownFileType = image.png; name = phase15.png; path = "../../Desktop/Aurora Alert screenshots/auroraalert-1/res/drawable/phase15.png"; sourceTree = "<group>"; };
		2C0EBD581DE1C30D0068381D /* phase16.png */ = {isa = PBXFileReference; lastKnownFileType = image.png; name = phase16.png; path = "../../Desktop/Aurora Alert screenshots/auroraalert-1/res/drawable/phase16.png"; sourceTree = "<group>"; };
		2C0EBD591DE1C30D0068381D /* phase17.png */ = {isa = PBXFileReference; lastKnownFileType = image.png; name = phase17.png; path = "../../Desktop/Aurora Alert screenshots/auroraalert-1/res/drawable/phase17.png"; sourceTree = "<group>"; };
		2C0EBD5A1DE1C30D0068381D /* phase18.png */ = {isa = PBXFileReference; lastKnownFileType = image.png; name = phase18.png; path = "../../Desktop/Aurora Alert screenshots/auroraalert-1/res/drawable/phase18.png"; sourceTree = "<group>"; };
		2C0EBD5B1DE1C30D0068381D /* phase19.png */ = {isa = PBXFileReference; lastKnownFileType = image.png; name = phase19.png; path = "../../Desktop/Aurora Alert screenshots/auroraalert-1/res/drawable/phase19.png"; sourceTree = "<group>"; };
		2C0EBD5C1DE1C30D0068381D /* phase20.png */ = {isa = PBXFileReference; lastKnownFileType = image.png; name = phase20.png; path = "../../Desktop/Aurora Alert screenshots/auroraalert-1/res/drawable/phase20.png"; sourceTree = "<group>"; };
		2C0EBD5D1DE1C30D0068381D /* phase21.png */ = {isa = PBXFileReference; lastKnownFileType = image.png; name = phase21.png; path = "../../Desktop/Aurora Alert screenshots/auroraalert-1/res/drawable/phase21.png"; sourceTree = "<group>"; };
		2C0EBD5E1DE1C30D0068381D /* phase22.png */ = {isa = PBXFileReference; lastKnownFileType = image.png; name = phase22.png; path = "../../Desktop/Aurora Alert screenshots/auroraalert-1/res/drawable/phase22.png"; sourceTree = "<group>"; };
		2C0EBD5F1DE1C30D0068381D /* phase23.png */ = {isa = PBXFileReference; lastKnownFileType = image.png; name = phase23.png; path = "../../Desktop/Aurora Alert screenshots/auroraalert-1/res/drawable/phase23.png"; sourceTree = "<group>"; };
		2C0EBD601DE1C30D0068381D /* phase24.png */ = {isa = PBXFileReference; lastKnownFileType = image.png; name = phase24.png; path = "../../Desktop/Aurora Alert screenshots/auroraalert-1/res/drawable/phase24.png"; sourceTree = "<group>"; };
		2C0EBD611DE1C30D0068381D /* phase25.png */ = {isa = PBXFileReference; lastKnownFileType = image.png; name = phase25.png; path = "../../Desktop/Aurora Alert screenshots/auroraalert-1/res/drawable/phase25.png"; sourceTree = "<group>"; };
		2C0EBD621DE1C30D0068381D /* phase26.png */ = {isa = PBXFileReference; lastKnownFileType = image.png; name = phase26.png; path = "../../Desktop/Aurora Alert screenshots/auroraalert-1/res/drawable/phase26.png"; sourceTree = "<group>"; };
		2C0EBD631DE1C30D0068381D /* phase27.png */ = {isa = PBXFileReference; lastKnownFileType = image.png; name = phase27.png; path = "../../Desktop/Aurora Alert screenshots/auroraalert-1/res/drawable/phase27.png"; sourceTree = "<group>"; };
		2C0EBD641DE1C30D0068381D /* phase28.png */ = {isa = PBXFileReference; lastKnownFileType = image.png; name = phase28.png; path = "../../Desktop/Aurora Alert screenshots/auroraalert-1/res/drawable/phase28.png"; sourceTree = "<group>"; };
		2C0EBD651DE1C30D0068381D /* phase29.png */ = {isa = PBXFileReference; lastKnownFileType = image.png; name = phase29.png; path = "../../Desktop/Aurora Alert screenshots/auroraalert-1/res/drawable/phase29.png"; sourceTree = "<group>"; };
		2CD116821DD0487C0067F667 /* auroralert2.app */ = {isa = PBXFileReference; explicitFileType = wrapper.application; includeInIndex = 0; path = auroralert2.app; sourceTree = BUILT_PRODUCTS_DIR; };
		2CD116851DD0487C0067F667 /* AppDelegate.swift */ = {isa = PBXFileReference; lastKnownFileType = sourcecode.swift; path = AppDelegate.swift; sourceTree = "<group>"; };
		2CD1168C1DD0487C0067F667 /* Base */ = {isa = PBXFileReference; lastKnownFileType = file.storyboard; name = Base; path = Base.lproj/Main.storyboard; sourceTree = "<group>"; };
		2CD1168E1DD0487C0067F667 /* Assets.xcassets */ = {isa = PBXFileReference; lastKnownFileType = folder.assetcatalog; path = Assets.xcassets; sourceTree = "<group>"; };
		2CD116911DD0487C0067F667 /* Base */ = {isa = PBXFileReference; lastKnownFileType = file.storyboard; name = Base; path = Base.lproj/LaunchScreen.storyboard; sourceTree = "<group>"; };
		2CD116931DD0487C0067F667 /* Info.plist */ = {isa = PBXFileReference; lastKnownFileType = text.plist.xml; path = Info.plist; sourceTree = "<group>"; };
/* End PBXFileReference section */

/* Begin PBXFrameworksBuildPhase section */
		2CD1167F1DD0487C0067F667 /* Frameworks */ = {
			isa = PBXFrameworksBuildPhase;
			buildActionMask = 2147483647;
			files = (
			);
			runOnlyForDeploymentPostprocessing = 0;
		};
/* End PBXFrameworksBuildPhase section */

/* Begin PBXGroup section */
		2CD116791DD0487C0067F667 = {
			isa = PBXGroup;
			children = (
				2CD116B91DDC1D350067F667 /* assets */,
				2CD116841DD0487C0067F667 /* auroralert2 */,
				2CD116831DD0487C0067F667 /* Products */,
			);
			sourceTree = "<group>";
		};
		2CD116831DD0487C0067F667 /* Products */ = {
			isa = PBXGroup;
			children = (
				2CD116821DD0487C0067F667 /* auroralert2.app */,
			);
			name = Products;
			sourceTree = "<group>";
		};
		2CD116841DD0487C0067F667 /* auroralert2 */ = {
			isa = PBXGroup;
			children = (
				2CD116851DD0487C0067F667 /* AppDelegate.swift */,
				2C0EBD401DE128AB0068381D /* ConditionsViewController.swift */,
				2C0EBD3E1DE1289F0068381D /* ForecastViewController.swift */,
				2C0EBD3C1DE1288B0068381D /* SettingsViewController.swift */,
				2C0EBD281DDEDE8A0068381D /* InfoViewController.swift */,
				2C0EBD421DE12E400068381D /* RoundGradientView.swift */,
				2C0EBD2A1DE0FA610068381D /* UlineBorderLabel.swift */,
				2CD1168B1DD0487C0067F667 /* Main.storyboard */,
				2CD1168E1DD0487C0067F667 /* Assets.xcassets */,
				2CD116901DD0487C0067F667 /* LaunchScreen.storyboard */,
				2CD116931DD0487C0067F667 /* Info.plist */,
			);
			path = auroralert2;
			sourceTree = "<group>";
		};
		2CD116B91DDC1D350067F667 /* assets */ = {
			isa = PBXGroup;
			children = (
				2C0EBD441DE1C30D0068381D /* alert_filler.png */,
				2C0EBD451DE1C30D0068381D /* compass.png */,
				2C0EBD461DE1C30D0068381D /* dial.png */,
				2C0EBD471DE1C30D0068381D /* filler.png */,
				2C0EBD481DE1C30D0068381D /* phase0.png */,
				2C0EBD491DE1C30D0068381D /* phase1.png */,
				2C0EBD4A1DE1C30D0068381D /* phase2.png */,
				2C0EBD4B1DE1C30D0068381D /* phase3.png */,
				2C0EBD4C1DE1C30D0068381D /* phase4.png */,
				2C0EBD4D1DE1C30D0068381D /* phase5.png */,
				2C0EBD4E1DE1C30D0068381D /* phase6.png */,
				2C0EBD4F1DE1C30D0068381D /* phase7.png */,
				2C0EBD501DE1C30D0068381D /* phase8.png */,
				2C0EBD511DE1C30D0068381D /* phase9.png */,
				2C0EBD521DE1C30D0068381D /* phase10.png */,
				2C0EBD531DE1C30D0068381D /* phase11.png */,
				2C0EBD541DE1C30D0068381D /* phase12.png */,
				2C0EBD551DE1C30D0068381D /* phase13.png */,
				2C0EBD561DE1C30D0068381D /* phase14.png */,
				2C0EBD571DE1C30D0068381D /* phase15.png */,
				2C0EBD581DE1C30D0068381D /* phase16.png */,
				2C0EBD591DE1C30D0068381D /* phase17.png */,
				2C0EBD5A1DE1C30D0068381D /* phase18.png */,
				2C0EBD5B1DE1C30D0068381D /* phase19.png */,
				2C0EBD5C1DE1C30D0068381D /* phase20.png */,
				2C0EBD5D1DE1C30D0068381D /* phase21.png */,
				2C0EBD5E1DE1C30D0068381D /* phase22.png */,
				2C0EBD5F1DE1C30D0068381D /* phase23.png */,
				2C0EBD601DE1C30D0068381D /* phase24.png */,
				2C0EBD611DE1C30D0068381D /* phase25.png */,
				2C0EBD621DE1C30D0068381D /* phase26.png */,
				2C0EBD631DE1C30D0068381D /* phase27.png */,
				2C0EBD641DE1C30D0068381D /* phase28.png */,
				2C0EBD651DE1C30D0068381D /* phase29.png */,
				2C0EBD341DE124190068381D /* ic_launcher58.png */,
				2C0EBD351DE1241A0068381D /* ic_launcher87.png */,
				2C0EBD361DE1241A0068381D /* ic_launcher120.png */,
				2C0EBD371DE1241A0068381D /* ic_launcher180.png */,
				2C0EBD081DDC43360068381D /* activity_button.png */,
				2C0EBD091DDC43360068381D /* ic_launcher.png */,
				2C0EBD0A1DDC43360068381D /* ic_launcher2.png */,
				2C0EBD0B1DDC43360068381D /* ic_menu_moon.png */,
				2C0EBD0C1DDC43360068381D /* ic_menu_refresh.png */,
				2C0EBD0D1DDC43360068381D /* ic_menu_sun.png */,
				2C0EBD0E1DDC43360068381D /* ic_refresh.png */,
				2C0EBD0F1DDC43360068381D /* ic_tab_conditions_grey.png */,
				2C0EBD101DDC43360068381D /* ic_tab_conditions_white.png */,
				2C0EBD111DDC43360068381D /* ic_tab_forecast_grey.png */,
				2C0EBD121DDC43360068381D /* ic_tab_forecast_white.png */,
				2C0EBD131DDC43360068381D /* ic_tab_info_grey.png */,
				2C0EBD141DDC43360068381D /* ic_tab_info_white.png */,
				2C0EBD151DDC43360068381D /* ic_tab_settings_grey.png */,
				2C0EBD161DDC43360068381D /* ic_tab_settings_white.png */,
				2C0EBD171DDC43360068381D /* ic_volume.png */,
			);
			name = assets;
			sourceTree = "<group>";
		};
/* End PBXGroup section */

/* Begin PBXNativeTarget section */
		2CD116811DD0487C0067F667 /* auroralert2 */ = {
			isa = PBXNativeTarget;
			buildConfigurationList = 2CD116961DD0487C0067F667 /* Build configuration list for PBXNativeTarget "auroralert2" */;
			buildPhases = (
				2CD1167E1DD0487C0067F667 /* Sources */,
				2CD1167F1DD0487C0067F667 /* Frameworks */,
				2CD116801DD0487C0067F667 /* Resources */,
			);
			buildRules = (
			);
			dependencies = (
			);
			name = auroralert2;
			productName = auroralert2;
			productReference = 2CD116821DD0487C0067F667 /* auroralert2.app */;
			productType = "com.apple.product-type.application";
		};
/* End PBXNativeTarget section */

/* Begin PBXProject section */
		2CD1167A1DD0487C0067F667 /* Project object */ = {
			isa = PBXProject;
			attributes = {
				KnownAssetTags = (
					1012,
				);
				LastSwiftUpdateCheck = 0730;
				LastUpgradeCheck = 0730;
				ORGANIZATIONNAME = "Jessica Kasson";
				TargetAttributes = {
					2CD116811DD0487C0067F667 = {
						CreatedOnToolsVersion = 7.3.1;
						DevelopmentTeam = Q7BXP362T8;
					};
				};
			};
			buildConfigurationList = 2CD1167D1DD0487C0067F667 /* Build configuration list for PBXProject "auroralert2" */;
			compatibilityVersion = "Xcode 3.2";
			developmentRegion = English;
			hasScannedForEncodings = 0;
			knownRegions = (
				en,
				Base,
			);
			mainGroup = 2CD116791DD0487C0067F667;
			productRefGroup = 2CD116831DD0487C0067F667 /* Products */;
			projectDirPath = "";
			projectRoot = "";
			targets = (
				2CD116811DD0487C0067F667 /* auroralert2 */,
			);
		};
/* End PBXProject section */

/* Begin PBXResourcesBuildPhase section */
		2CD116801DD0487C0067F667 /* Resources */ = {
			isa = PBXResourcesBuildPhase;
			buildActionMask = 2147483647;
			files = (
				2CD116921DD0487C0067F667 /* LaunchScreen.storyboard in Resources */,
				2C0EBD681DE1C30E0068381D /* dial.png in Resources */,
				2C0EBD6E1DE1C30E0068381D /* phase4.png in Resources */,
				2CD1168F1DD0487C0067F667 /* Assets.xcassets in Resources */,
				2C0EBD6D1DE1C30E0068381D /* phase3.png in Resources */,
				2C0EBD1B1DDC43360068381D /* ic_menu_moon.png in Resources */,
				2C0EBD781DE1C30E0068381D /* phase14.png in Resources */,
				2C0EBD801DE1C30E0068381D /* phase22.png in Resources */,
				2C0EBD181DDC43360068381D /* activity_button.png in Resources */,
				2C0EBD1D1DDC43360068381D /* ic_menu_sun.png in Resources */,
				2C0EBD7B1DE1C30E0068381D /* phase17.png in Resources */,
				2C0EBD7C1DE1C30E0068381D /* phase18.png in Resources */,
				2C0EBD1E1DDC43360068381D /* ic_refresh.png in Resources */,
				2C0EBD381DE1241A0068381D /* ic_launcher58.png in Resources */,
				2CD1168D1DD0487C0067F667 /* Main.storyboard in Resources */,
				2C0EBD841DE1C30E0068381D /* phase26.png in Resources */,
				2C0EBD6F1DE1C30E0068381D /* phase5.png in Resources */,
				2C0EBD751DE1C30E0068381D /* phase11.png in Resources */,
				2C0EBD661DE1C30E0068381D /* alert_filler.png in Resources */,
				2C0EBD6A1DE1C30E0068381D /* phase0.png in Resources */,
				2C0EBD741DE1C30E0068381D /* phase10.png in Resources */,
				2C0EBD721DE1C30E0068381D /* phase8.png in Resources */,
				2C0EBD271DDC43360068381D /* ic_volume.png in Resources */,
				2C0EBD6B1DE1C30E0068381D /* phase1.png in Resources */,
				2C0EBD3A1DE1241A0068381D /* ic_launcher120.png in Resources */,
				2C0EBD831DE1C30E0068381D /* phase25.png in Resources */,
				2C0EBD7D1DE1C30E0068381D /* phase19.png in Resources */,
				2C0EBD821DE1C30E0068381D /* phase24.png in Resources */,
				2C0EBD791DE1C30E0068381D /* phase15.png in Resources */,
				2C0EBD221DDC43360068381D /* ic_tab_forecast_white.png in Resources */,
				2C0EBD7F1DE1C30E0068381D /* phase21.png in Resources */,
				2C0EBD691DE1C30E0068381D /* filler.png in Resources */,
				2C0EBD241DDC43360068381D /* ic_tab_info_white.png in Resources */,
				2C0EBD871DE1C30E0068381D /* phase29.png in Resources */,
				2C0EBD861DE1C30E0068381D /* phase28.png in Resources */,
				2C0EBD391DE1241A0068381D /* ic_launcher87.png in Resources */,
				2C0EBD231DDC43360068381D /* ic_tab_info_grey.png in Resources */,
				2C0EBD1A1DDC43360068381D /* ic_launcher2.png in Resources */,
				2C0EBD1C1DDC43360068381D /* ic_menu_refresh.png in Resources */,
				2C0EBD1F1DDC43360068381D /* ic_tab_conditions_grey.png in Resources */,
				2C0EBD7E1DE1C30E0068381D /* phase20.png in Resources */,
				2C0EBD7A1DE1C30E0068381D /* phase16.png in Resources */,
				2C0EBD261DDC43360068381D /* ic_tab_settings_white.png in Resources */,
				2C0EBD671DE1C30E0068381D /* compass.png in Resources */,
				2C0EBD851DE1C30E0068381D /* phase27.png in Resources */,
				2C0EBD731DE1C30E0068381D /* phase9.png in Resources */,
				2C0EBD211DDC43360068381D /* ic_tab_forecast_grey.png in Resources */,
				2C0EBD201DDC43360068381D /* ic_tab_conditions_white.png in Resources */,
				2C0EBD6C1DE1C30E0068381D /* phase2.png in Resources */,
				2C0EBD761DE1C30E0068381D /* phase12.png in Resources */,
				2C0EBD701DE1C30E0068381D /* phase6.png in Resources */,
				2C0EBD811DE1C30E0068381D /* phase23.png in Resources */,
				2C0EBD711DE1C30E0068381D /* phase7.png in Resources */,
				2C0EBD251DDC43360068381D /* ic_tab_settings_grey.png in Resources */,
				2C0EBD191DDC43360068381D /* ic_launcher.png in Resources */,
				2C0EBD771DE1C30E0068381D /* phase13.png in Resources */,
				2C0EBD3B1DE1241A0068381D /* ic_launcher180.png in Resources */,
			);
			runOnlyForDeploymentPostprocessing = 0;
		};
/* End PBXResourcesBuildPhase section */

/* Begin PBXSourcesBuildPhase section */
		2CD1167E1DD0487C0067F667 /* Sources */ = {
			isa = PBXSourcesBuildPhase;
			buildActionMask = 2147483647;
			files = (
				2C0EBD3F1DE1289F0068381D /* ForecastViewController.swift in Sources */,
				2C0EBD411DE128AB0068381D /* ConditionsViewController.swift in Sources */,
				2CD116861DD0487C0067F667 /* AppDelegate.swift in Sources */,
				2C0EBD2B1DE0FA610068381D /* UlineBorderLabel.swift in Sources */,
				2C0EBD291DDEDE8A0068381D /* InfoViewController.swift in Sources */,
				2C0EBD3D1DE1288B0068381D /* SettingsViewController.swift in Sources */,
				2C0EBD431DE12E400068381D /* RoundGradientView.swift in Sources */,
			);
			runOnlyForDeploymentPostprocessing = 0;
		};
/* End PBXSourcesBuildPhase section */

/* Begin PBXVariantGroup section */
		2CD1168B1DD0487C0067F667 /* Main.storyboard */ = {
			isa = PBXVariantGroup;
			children = (
				2CD1168C1DD0487C0067F667 /* Base */,
			);
			name = Main.storyboard;
			sourceTree = "<group>";
		};
		2CD116901DD0487C0067F667 /* LaunchScreen.storyboard */ = {
			isa = PBXVariantGroup;
			children = (
				2CD116911DD0487C0067F667 /* Base */,
			);
			name = LaunchScreen.storyboard;
			sourceTree = "<group>";
		};
/* End PBXVariantGroup section */

/* Begin XCBuildConfiguration section */
		2CD116941DD0487C0067F667 /* Debug */ = {
			isa = XCBuildConfiguration;
			buildSettings = {
				ALWAYS_SEARCH_USER_PATHS = NO;
				CLANG_ANALYZER_NONNULL = YES;
				CLANG_CXX_LANGUAGE_STANDARD = "gnu++0x";
				CLANG_CXX_LIBRARY = "libc++";
				CLANG_ENABLE_MODULES = YES;
				CLANG_ENABLE_OBJC_ARC = YES;
				CLANG_WARN_BOOL_CONVERSION = YES;
				CLANG_WARN_CONSTANT_CONVERSION = YES;
				CLANG_WARN_DIRECT_OBJC_ISA_USAGE = YES_ERROR;
				CLANG_WARN_EMPTY_BODY = YES;
				CLANG_WARN_ENUM_CONVERSION = YES;
				CLANG_WARN_INT_CONVERSION = YES;
				CLANG_WARN_OBJC_ROOT_CLASS = YES_ERROR;
				CLANG_WARN_UNREACHABLE_CODE = YES;
				CLANG_WARN__DUPLICATE_METHOD_MATCH = YES;
				"CODE_SIGN_IDENTITY[sdk=iphoneos*]" = "iPhone Developer";
				COPY_PHASE_STRIP = NO;
				DEBUG_INFORMATION_FORMAT = dwarf;
				ENABLE_STRICT_OBJC_MSGSEND = YES;
				ENABLE_TESTABILITY = YES;
				GCC_C_LANGUAGE_STANDARD = gnu99;
				GCC_DYNAMIC_NO_PIC = NO;
				GCC_NO_COMMON_BLOCKS = YES;
				GCC_OPTIMIZATION_LEVEL = 0;
				GCC_PREPROCESSOR_DEFINITIONS = (
					"DEBUG=1",
					"$(inherited)",
				);
				GCC_WARN_64_TO_32_BIT_CONVERSION = YES;
				GCC_WARN_ABOUT_RETURN_TYPE = YES_ERROR;
				GCC_WARN_UNDECLARED_SELECTOR = YES;
				GCC_WARN_UNINITIALIZED_AUTOS = YES_AGGRESSIVE;
				GCC_WARN_UNUSED_FUNCTION = YES;
				GCC_WARN_UNUSED_VARIABLE = YES;
				IPHONEOS_DEPLOYMENT_TARGET = 9.3;
				MTL_ENABLE_DEBUG_INFO = YES;
				ONLY_ACTIVE_ARCH = YES;
				SDKROOT = iphoneos;
				SWIFT_OPTIMIZATION_LEVEL = "-Onone";
			};
			name = Debug;
		};
		2CD116951DD0487C0067F667 /* Release */ = {
			isa = XCBuildConfiguration;
			buildSettings = {
				ALWAYS_SEARCH_USER_PATHS = NO;
				CLANG_ANALYZER_NONNULL = YES;
				CLANG_CXX_LANGUAGE_STANDARD = "gnu++0x";
				CLANG_CXX_LIBRARY = "libc++";
				CLANG_ENABLE_MODULES = YES;
				CLANG_ENABLE_OBJC_ARC = YES;
				CLANG_WARN_BOOL_CONVERSION = YES;
				CLANG_WARN_CONSTANT_CONVERSION = YES;
				CLANG_WARN_DIRECT_OBJC_ISA_USAGE = YES_ERROR;
				CLANG_WARN_EMPTY_BODY = YES;
				CLANG_WARN_ENUM_CONVERSION = YES;
				CLANG_WARN_INT_CONVERSION = YES;
				CLANG_WARN_OBJC_ROOT_CLASS = YES_ERROR;
				CLANG_WARN_UNREACHABLE_CODE = YES;
				CLANG_WARN__DUPLICATE_METHOD_MATCH = YES;
				"CODE_SIGN_IDENTITY[sdk=iphoneos*]" = "iPhone Developer";
				COPY_PHASE_STRIP = NO;
				DEBUG_INFORMATION_FORMAT = "dwarf-with-dsym";
				ENABLE_NS_ASSERTIONS = NO;
				ENABLE_STRICT_OBJC_MSGSEND = YES;
				GCC_C_LANGUAGE_STANDARD = gnu99;
				GCC_NO_COMMON_BLOCKS = YES;
				GCC_WARN_64_TO_32_BIT_CONVERSION = YES;
				GCC_WARN_ABOUT_RETURN_TYPE = YES_ERROR;
				GCC_WARN_UNDECLARED_SELECTOR = YES;
				GCC_WARN_UNINITIALIZED_AUTOS = YES_AGGRESSIVE;
				GCC_WARN_UNUSED_FUNCTION = YES;
				GCC_WARN_UNUSED_VARIABLE = YES;
				IPHONEOS_DEPLOYMENT_TARGET = 9.3;
				MTL_ENABLE_DEBUG_INFO = NO;
				SDKROOT = iphoneos;
				VALIDATE_PRODUCT = YES;
			};
			name = Release;
		};
		2CD116971DD0487C0067F667 /* Debug */ = {
			isa = XCBuildConfiguration;
			buildSettings = {
				ASSETCATALOG_COMPILER_APPICON_NAME = AppIcon;
				CODE_SIGN_IDENTITY = "iPhone Developer";
				"CODE_SIGN_IDENTITY[sdk=iphoneos*]" = "iPhone Developer";
				INFOPLIST_FILE = auroralert2/Info.plist;
				IPHONEOS_DEPLOYMENT_TARGET = 9.2;
				LD_RUNPATH_SEARCH_PATHS = "$(inherited) @executable_path/Frameworks";
				PRODUCT_BUNDLE_IDENTIFIER = self.auroralert2;
				PRODUCT_NAME = "$(TARGET_NAME)";
				PROVISIONING_PROFILE = "";
			};
			name = Debug;
		};
		2CD116981DD0487C0067F667 /* Release */ = {
			isa = XCBuildConfiguration;
			buildSettings = {
				ASSETCATALOG_COMPILER_APPICON_NAME = AppIcon;
				CODE_SIGN_IDENTITY = "iPhone Developer";
				"CODE_SIGN_IDENTITY[sdk=iphoneos*]" = "iPhone Developer";
				INFOPLIST_FILE = auroralert2/Info.plist;
				IPHONEOS_DEPLOYMENT_TARGET = 9.2;
				LD_RUNPATH_SEARCH_PATHS = "$(inherited) @executable_path/Frameworks";
				PRODUCT_BUNDLE_IDENTIFIER = self.auroralert2;
				PRODUCT_NAME = "$(TARGET_NAME)";
				PROVISIONING_PROFILE = "";
			};
			name = Release;
		};
/* End XCBuildConfiguration section */

/* Begin XCConfigurationList section */
		2CD1167D1DD0487C0067F667 /* Build configuration list for PBXProject "auroralert2" */ = {
			isa = XCConfigurationList;
			buildConfigurations = (
				2CD116941DD0487C0067F667 /* Debug */,
				2CD116951DD0487C0067F667 /* Release */,
			);
			defaultConfigurationIsVisible = 0;
			defaultConfigurationName = Release;
		};
		2CD116961DD0487C0067F667 /* Build configuration list for PBXNativeTarget "auroralert2" */ = {
			isa = XCConfigurationList;
			buildConfigurations = (
				2CD116971DD0487C0067F667 /* Debug */,
				2CD116981DD0487C0067F667 /* Release */,
			);
			defaultConfigurationIsVisible = 0;
			defaultConfigurationName = Release;
		};
/* End XCConfigurationList section */
	};
	rootObject = 2CD1167A1DD0487C0067F667 /* Project object */;
}
